{
  "name": "grease",
  "version": "0.1.1",
  "lockfileVersion": 3,
  "requires": true,
  "packages": {
    "": {
      "name": "grease",
      "version": "0.1.1",
      "license": "MIT",
      "bin": {
        "grease": "scripts/grease.mjs"
      },
      "engines": {
        "node": ">=22"
      }
    }
  }
}
